
Microsoft Visual Studio Solution File, Format Version 12.00
# Visual Studio Version 17
VisualStudioVersion = 17.13.35825.156
MinimumVisualStudioVersion = 10.0.40219.1
Project("{FAE04EC0-301F-11D3-BF4B-00C04F79EFBC}") = "WebApp", "WebApp\WebApp.csproj", "{15DF8E1B-6C3E-4BEE-8B91-59806B195B7D}"
EndProject
Project("{FAE04EC0-301F-11D3-BF4B-00C04F79EFBC}") = "Data", "Data\Data.csproj", "{5A392B31-66D5-4DE2-878A-7DF22C6664D5}"
EndProject
Project("{FAE04EC0-301F-11D3-BF4B-00C04F79EFBC}") = "Business", "Business\Business.csproj", "{CF0C867C-9316-4660-8847-60590D6FEE5B}"
EndProject
Project("{FAE04EC0-301F-11D3-BF4B-00C04F79EFBC}") = "Domain", "Domain\Domain.csproj", "{669933A9-0C46-451F-8C89-A00760C671E5}"
EndProject
Global
	GlobalSection(SolutionConfigurationPlatforms) = preSolution
		Debug|Any CPU = Debug|Any CPU
		Release|Any CPU = Release|Any CPU
	EndGlobalSection
	GlobalSection(ProjectConfigurationPlatforms) = postSolution
		{15DF8E1B-6C3E-4BEE-8B91-59806B195B7D}.Debug|Any CPU.ActiveCfg = Debug|Any CPU
		{15DF8E1B-6C3E-4BEE-8B91-59806B195B7D}.Debug|Any CPU.Build.0 = Debug|Any CPU
		{15DF8E1B-6C3E-4BEE-8B91-59806B195B7D}.Release|Any CPU.ActiveCfg = Release|Any CPU
		{15DF8E1B-6C3E-4BEE-8B91-59806B195B7D}.Release|Any CPU.Build.0 = Release|Any CPU
		{5A392B31-66D5-4DE2-878A-7DF22C6664D5}.Debug|Any CPU.ActiveCfg = Debug|Any CPU
		{5A392B31-66D5-4DE2-878A-7DF22C6664D5}.Debug|Any CPU.Build.0 = Debug|Any CPU
		{5A392B31-66D5-4DE2-878A-7DF22C6664D5}.Release|Any CPU.ActiveCfg = Release|Any CPU
		{5A392B31-66D5-4DE2-878A-7DF22C6664D5}.Release|Any CPU.Build.0 = Release|Any CPU
		{CF0C867C-9316-4660-8847-60590D6FEE5B}.Debug|Any CPU.ActiveCfg = Debug|Any CPU
		{CF0C867C-9316-4660-8847-60590D6FEE5B}.Debug|Any CPU.Build.0 = Debug|Any CPU
		{CF0C867C-9316-4660-8847-60590D6FEE5B}.Release|Any CPU.ActiveCfg = Release|Any CPU
		{CF0C867C-9316-4660-8847-60590D6FEE5B}.Release|Any CPU.Build.0 = Release|Any CPU
		{669933A9-0C46-451F-8C89-A00760C671E5}.Debug|Any CPU.ActiveCfg = Debug|Any CPU
		{669933A9-0C46-451F-8C89-A00760C671E5}.Debug|Any CPU.Build.0 = Debug|Any CPU
		{669933A9-0C46-451F-8C89-A00760C671E5}.Release|Any CPU.ActiveCfg = Release|Any CPU
		{669933A9-0C46-451F-8C89-A00760C671E5}.Release|Any CPU.Build.0 = Release|Any CPU
	EndGlobalSection
	GlobalSection(SolutionProperties) = preSolution
		HideSolutionNode = FALSE
	EndGlobalSection
	GlobalSection(ExtensibilityGlobals) = postSolution
		SolutionGuid = {2A34B9B2-6618-4A4D-AA8A-1AA2839DADD1}
	EndGlobalSection
EndGlobal
